
Microsoft Visual Studio Solution File, Format Version 12.00
# Visual Studio 15
VisualStudioVersion = 15.0.28010.2026
MinimumVisualStudioVersion = 10.0.40219.1
Project("{888231C4-1227-440D-A19E-A7BFC83B2EC3}") = "WeatherService", "WeatherService.csproj", "{77B93298-6818-4D0A-B88A-29DBC1A1C134}"
EndProject
Global
	GlobalSection(SolutionConfigurationPlatforms) = preSolution
		Debug|Any CPU = Debug|Any CPU
		Release|Any CPU = Release|Any CPU
	EndGlobalSection
	GlobalSection(ProjectConfigurationPlatforms) = postSolution
		{77B93298-6818-4D0A-B88A-29DBC1A1C134}.Debug|Any CPU.ActiveCfg = Debug|Any CPU
		{77B93298-6818-4D0A-B88A-29DBC1A1C134}.Debug|Any CPU.Build.0 = Debug|Any CPU
		{77B93298-6818-4D0A-B88A-29DBC1A1C134}.Release|Any CPU.ActiveCfg = Release|Any CPU
		{77B93298-6818-4D0A-B88A-29DBC1A1C134}.Release|Any CPU.Build.0 = Release|Any CPU
	EndGlobalSection
	GlobalSection(SolutionProperties) = preSolution
		HideSolutionNode = FALSE
	EndGlobalSection
	GlobalSection(ExtensibilityGlobals) = postSolution
		SolutionGuid = {EEBDCBA8-82EB-434D-B585-C5D40265CB63}
	EndGlobalSection
EndGlobal
